// !$*UTF8*$!
{
	archiveVersion = 1;
	classes = {
	};
	objectVersion = 50;
	objects = {

/* Begin PBXBuildFile section */
		C5068B182327E1E9001A8141 /* AppDelegate.swift in Sources */ = {isa = PBXBuildFile; fileRef = C5068B172327E1E9001A8141 /* AppDelegate.swift */; };
		C5068B1A2327E1E9001A8141 /* FirstViewController.swift in Sources */ = {isa = PBXBuildFile; fileRef = C5068B192327E1E9001A8141 /* FirstViewController.swift */; };
		C5068B1C2327E1E9001A8141 /* SecondViewController.swift in Sources */ = {isa = PBXBuildFile; fileRef = C5068B1B2327E1E9001A8141 /* SecondViewController.swift */; };
		C5068B1F2327E1E9001A8141 /* Main.storyboard in Resources */ = {isa = PBXBuildFile; fileRef = C5068B1D2327E1E9001A8141 /* Main.storyboard */; };
		C5068B212327E1EA001A8141 /* Assets.xcassets in Resources */ = {isa = PBXBuildFile; fileRef = C5068B202327E1EA001A8141 /* Assets.xcassets */; };
		C5068B242327E1EA001A8141 /* LaunchScreen.storyboard in Resources */ = {isa = PBXBuildFile; fileRef = C5068B222327E1EA001A8141 /* LaunchScreen.storyboard */; };
		C5068B302327E5B5001A8141 /* SetCard.swift in Sources */ = {isa = PBXBuildFile; fileRef = C5068B2F2327E5B5001A8141 /* SetCard.swift */; };
		C5068B322327E5CC001A8141 /* Game.swift in Sources */ = {isa = PBXBuildFile; fileRef = C5068B312327E5CC001A8141 /* Game.swift */; };
		C5068B342327E5E2001A8141 /* Deck.swift in Sources */ = {isa = PBXBuildFile; fileRef = C5068B332327E5E2001A8141 /* Deck.swift */; };
		C5068B392327E64B001A8141 /* UIViewExtensions.swift in Sources */ = {isa = PBXBuildFile; fileRef = C5068B382327E64B001A8141 /* UIViewExtensions.swift */; };
		C5068B3E2327E69A001A8141 /* CGRectExtensions.swift in Sources */ = {isa = PBXBuildFile; fileRef = C5068B3A2327E69A001A8141 /* CGRectExtensions.swift */; };
		C5068B3F2327E69A001A8141 /* ArrayExtensions.swift in Sources */ = {isa = PBXBuildFile; fileRef = C5068B3B2327E69A001A8141 /* ArrayExtensions.swift */; };
		C5068B412327E69A001A8141 /* CGFloatExtensions.swift in Sources */ = {isa = PBXBuildFile; fileRef = C5068B3D2327E69A001A8141 /* CGFloatExtensions.swift */; };
		C5068B462327E701001A8141 /* Grid.swift in Sources */ = {isa = PBXBuildFile; fileRef = C5068B442327E701001A8141 /* Grid.swift */; };
		C5068B472327E701001A8141 /* CardViewBehaviour.swift in Sources */ = {isa = PBXBuildFile; fileRef = C5068B452327E701001A8141 /* CardViewBehaviour.swift */; };
		C5068B4E2327E73F001A8141 /* CardView.swift in Sources */ = {isa = PBXBuildFile; fileRef = C5068B4B2327E73F001A8141 /* CardView.swift */; };
		C5068B4F2327E73F001A8141 /* SetViewController.swift in Sources */ = {isa = PBXBuildFile; fileRef = C5068B4C2327E73F001A8141 /* SetViewController.swift */; };
		C5068B502327E73F001A8141 /* CardDeckView.swift in Sources */ = {isa = PBXBuildFile; fileRef = C5068B4D2327E73F001A8141 /* CardDeckView.swift */; };
		C5068B52232811D9001A8141 /* ConcentrationViewController.swift in Sources */ = {isa = PBXBuildFile; fileRef = C5068B51232811D9001A8141 /* ConcentrationViewController.swift */; };
		C5068B55232811E2001A8141 /* Concentration.swift in Sources */ = {isa = PBXBuildFile; fileRef = C5068B53232811E2001A8141 /* Concentration.swift */; };
		C5068B56232811E2001A8141 /* ConcentrationCard.swift in Sources */ = {isa = PBXBuildFile; fileRef = C5068B54232811E2001A8141 /* ConcentrationCard.swift */; };
		C5068B58232A4423001A8141 /* IntExtensions.swift in Sources */ = {isa = PBXBuildFile; fileRef = C5068B57232A4423001A8141 /* IntExtensions.swift */; };
		C5068B5A232A6EDA001A8141 /* UINavigationBarExtensions.swift in Sources */ = {isa = PBXBuildFile; fileRef = C5068B59232A6EDA001A8141 /* UINavigationBarExtensions.swift */; };
/* End PBXBuildFile section */

/* Begin PBXFileReference section */
		C5068B142327E1E9001A8141 /* Set+Concentration.app */ = {isa = PBXFileReference; explicitFileType = wrapper.application; includeInIndex = 0; path = "Set+Concentration.app"; sourceTree = BUILT_PRODUCTS_DIR; };
		C5068B172327E1E9001A8141 /* AppDelegate.swift */ = {isa = PBXFileReference; lastKnownFileType = sourcecode.swift; path = AppDelegate.swift; sourceTree = "<group>"; };
		C5068B192327E1E9001A8141 /* FirstViewController.swift */ = {isa = PBXFileReference; lastKnownFileType = sourcecode.swift; path = FirstViewController.swift; sourceTree = "<group>"; };
		C5068B1B2327E1E9001A8141 /* SecondViewController.swift */ = {isa = PBXFileReference; lastKnownFileType = sourcecode.swift; path = SecondViewController.swift; sourceTree = "<group>"; };
		C5068B1E2327E1E9001A8141 /* Base */ = {isa = PBXFileReference; lastKnownFileType = file.storyboard; name = Base; path = Base.lproj/Main.storyboard; sourceTree = "<group>"; };
		C5068B202327E1EA001A8141 /* Assets.xcassets */ = {isa = PBXFileReference; lastKnownFileType = folder.assetcatalog; path = Assets.xcassets; sourceTree = "<group>"; };
		C5068B232327E1EA001A8141 /* Base */ = {isa = PBXFileReference; lastKnownFileType = file.storyboard; name = Base; path = Base.lproj/LaunchScreen.storyboard; sourceTree = "<group>"; };
		C5068B252327E1EA001A8141 /* Info.plist */ = {isa = PBXFileReference; lastKnownFileType = text.plist.xml; path = Info.plist; sourceTree = "<group>"; };
		C5068B2F2327E5B5001A8141 /* SetCard.swift */ = {isa = PBXFileReference; lastKnownFileType = sourcecode.swift; path = SetCard.swift; sourceTree = "<group>"; };
		C5068B312327E5CC001A8141 /* Game.swift */ = {isa = PBXFileReference; lastKnownFileType = sourcecode.swift; path = Game.swift; sourceTree = "<group>"; };
		C5068B332327E5E2001A8141 /* Deck.swift */ = {isa = PBXFileReference; lastKnownFileType = sourcecode.swift; path = Deck.swift; sourceTree = "<group>"; };
		C5068B382327E64B001A8141 /* UIViewExtensions.swift */ = {isa = PBXFileReference; lastKnownFileType = sourcecode.swift; path = UIViewExtensions.swift; sourceTree = "<group>"; };
		C5068B3A2327E69A001A8141 /* CGRectExtensions.swift */ = {isa = PBXFileReference; fileEncoding = 4; lastKnownFileType = sourcecode.swift; path = CGRectExtensions.swift; sourceTree = "<group>"; };
		C5068B3B2327E69A001A8141 /* ArrayExtensions.swift */ = {isa = PBXFileReference; fileEncoding = 4; lastKnownFileType = sourcecode.swift; path = ArrayExtensions.swift; sourceTree = "<group>"; };
		C5068B3D2327E69A001A8141 /* CGFloatExtensions.swift */ = {isa = PBXFileReference; fileEncoding = 4; lastKnownFileType = sourcecode.swift; path = CGFloatExtensions.swift; sourceTree = "<group>"; };
		C5068B442327E701001A8141 /* Grid.swift */ = {isa = PBXFileReference; fileEncoding = 4; lastKnownFileType = sourcecode.swift; path = Grid.swift; sourceTree = "<group>"; };
		C5068B452327E701001A8141 /* CardViewBehaviour.swift */ = {isa = PBXFileReference; fileEncoding = 4; lastKnownFileType = sourcecode.swift; path = CardViewBehaviour.swift; sourceTree = "<group>"; };
		C5068B4B2327E73F001A8141 /* CardView.swift */ = {isa = PBXFileReference; fileEncoding = 4; lastKnownFileType = sourcecode.swift; path = CardView.swift; sourceTree = "<group>"; };
		C5068B4C2327E73F001A8141 /* SetViewController.swift */ = {isa = PBXFileReference; fileEncoding = 4; lastKnownFileType = sourcecode.swift; path = SetViewController.swift; sourceTree = "<group>"; };
		C5068B4D2327E73F001A8141 /* CardDeckView.swift */ = {isa = PBXFileReference; fileEncoding = 4; lastKnownFileType = sourcecode.swift; path = CardDeckView.swift; sourceTree = "<group>"; };
		C5068B51232811D9001A8141 /* ConcentrationViewController.swift */ = {isa = PBXFileReference; fileEncoding = 4; lastKnownFileType = sourcecode.swift; path = ConcentrationViewController.swift; sourceTree = "<group>"; };
		C5068B53232811E2001A8141 /* Concentration.swift */ = {isa = PBXFileReference; fileEncoding = 4; lastKnownFileType = sourcecode.swift; path = Concentration.swift; sourceTree = "<group>"; };
		C5068B54232811E2001A8141 /* ConcentrationCard.swift */ = {isa = PBXFileReference; fileEncoding = 4; lastKnownFileType = sourcecode.swift; path = ConcentrationCard.swift; sourceTree = "<group>"; };
		C5068B57232A4423001A8141 /* IntExtensions.swift */ = {isa = PBXFileReference; fileEncoding = 4; lastKnownFileType = sourcecode.swift; path = IntExtensions.swift; sourceTree = "<group>"; };
		C5068B59232A6EDA001A8141 /* UINavigationBarExtensions.swift */ = {isa = PBXFileReference; lastKnownFileType = sourcecode.swift; path = UINavigationBarExtensions.swift; sourceTree = "<group>"; };
/* End PBXFileReference section */

/* Begin PBXFrameworksBuildPhase section */
		C5068B112327E1E9001A8141 /* Frameworks */ = {
			isa = PBXFrameworksBuildPhase;
			buildActionMask = 2147483647;
			files = (
			);
			runOnlyForDeploymentPostprocessing = 0;
		};
/* End PBXFrameworksBuildPhase section */

/* Begin PBXGroup section */
		C5068B0B2327E1E8001A8141 = {
			isa = PBXGroup;
			children = (
				C5068B162327E1E9001A8141 /* Set+Concentration */,
				C5068B152327E1E9001A8141 /* Products */,
			);
			sourceTree = "<group>";
		};
		C5068B152327E1E9001A8141 /* Products */ = {
			isa = PBXGroup;
			children = (
				C5068B142327E1E9001A8141 /* Set+Concentration.app */,
			);
			name = Products;
			sourceTree = "<group>";
		};
		C5068B162327E1E9001A8141 /* Set+Concentration */ = {
			isa = PBXGroup;
			children = (
				C5068B482327E710001A8141 /* Views */,
				C5068B422327E6C6001A8141 /* Aux */,
				C5068B352327E5FC001A8141 /* Extensions */,
				C5068B2C2327E52E001A8141 /* Models */,
				C5068B2B2327E51F001A8141 /* Supporting Files */,
				C5068B192327E1E9001A8141 /* FirstViewController.swift */,
				C5068B1B2327E1E9001A8141 /* SecondViewController.swift */,
				C5068B1D2327E1E9001A8141 /* Main.storyboard */,
				C5068B252327E1EA001A8141 /* Info.plist */,
			);
			path = "Set+Concentration";
			sourceTree = "<group>";
		};
		C5068B2B2327E51F001A8141 /* Supporting Files */ = {
			isa = PBXGroup;
			children = (
				C5068B172327E1E9001A8141 /* AppDelegate.swift */,
				C5068B202327E1EA001A8141 /* Assets.xcassets */,
				C5068B222327E1EA001A8141 /* LaunchScreen.storyboard */,
			);
			path = "Supporting Files";
			sourceTree = "<group>";
		};
		C5068B2C2327E52E001A8141 /* Models */ = {
			isa = PBXGroup;
			children = (
				C5068B2E2327E553001A8141 /* Set */,
				C5068B2D2327E54B001A8141 /* Concentration */,
			);
			path = Models;
			sourceTree = "<group>";
		};
		C5068B2D2327E54B001A8141 /* Concentration */ = {
			isa = PBXGroup;
			children = (
				C5068B53232811E2001A8141 /* Concentration.swift */,
				C5068B54232811E2001A8141 /* ConcentrationCard.swift */,
			);
			path = Concentration;
			sourceTree = "<group>";
		};
		C5068B2E2327E553001A8141 /* Set */ = {
			isa = PBXGroup;
			children = (
				C5068B2F2327E5B5001A8141 /* SetCard.swift */,
				C5068B312327E5CC001A8141 /* Game.swift */,
				C5068B332327E5E2001A8141 /* Deck.swift */,
			);
			path = Set;
			sourceTree = "<group>";
		};
		C5068B352327E5FC001A8141 /* Extensions */ = {
			isa = PBXGroup;
			children = (
				C5068B362327E609001A8141 /* Set */,
				C5068B59232A6EDA001A8141 /* UINavigationBarExtensions.swift */,
			);
			path = Extensions;
			sourceTree = "<group>";
		};
		C5068B362327E609001A8141 /* Set */ = {
			isa = PBXGroup;
			children = (
				C5068B57232A4423001A8141 /* IntExtensions.swift */,
				C5068B3B2327E69A001A8141 /* ArrayExtensions.swift */,
				C5068B3D2327E69A001A8141 /* CGFloatExtensions.swift */,
				C5068B3A2327E69A001A8141 /* CGRectExtensions.swift */,
				C5068B382327E64B001A8141 /* UIViewExtensions.swift */,
			);
			path = Set;
			sourceTree = "<group>";
		};
		C5068B422327E6C6001A8141 /* Aux */ = {
			isa = PBXGroup;
			children = (
				C5068B432327E6CC001A8141 /* Set */,
			);
			path = Aux;
			sourceTree = "<group>";
		};
		C5068B432327E6CC001A8141 /* Set */ = {
			isa = PBXGroup;
			children = (
				C5068B452327E701001A8141 /* CardViewBehaviour.swift */,
				C5068B442327E701001A8141 /* Grid.swift */,
			);
			path = Set;
			sourceTree = "<group>";
		};
		C5068B482327E710001A8141 /* Views */ = {
			isa = PBXGroup;
			children = (
				C5068B4A2327E71C001A8141 /* Concentration */,
				C5068B492327E717001A8141 /* Set */,
			);
			path = Views;
			sourceTree = "<group>";
		};
		C5068B492327E717001A8141 /* Set */ = {
			isa = PBXGroup;
			children = (
				C5068B4D2327E73F001A8141 /* CardDeckView.swift */,
				C5068B4B2327E73F001A8141 /* CardView.swift */,
				C5068B4C2327E73F001A8141 /* SetViewController.swift */,
			);
			path = Set;
			sourceTree = "<group>";
		};
		C5068B4A2327E71C001A8141 /* Concentration */ = {
			isa = PBXGroup;
			children = (
				C5068B51232811D9001A8141 /* ConcentrationViewController.swift */,
			);
			path = Concentration;
			sourceTree = "<group>";
		};
/* End PBXGroup section */

/* Begin PBXNativeTarget section */
		C5068B132327E1E9001A8141 /* Set+Concentration */ = {
			isa = PBXNativeTarget;
			buildConfigurationList = C5068B282327E1EA001A8141 /* Build configuration list for PBXNativeTarget "Set+Concentration" */;
			buildPhases = (
				C5068B102327E1E9001A8141 /* Sources */,
				C5068B112327E1E9001A8141 /* Frameworks */,
				C5068B122327E1E9001A8141 /* Resources */,
			);
			buildRules = (
			);
			dependencies = (
			);
			name = "Set+Concentration";
			productName = "Set+Concentration";
			productReference = C5068B142327E1E9001A8141 /* Set+Concentration.app */;
			productType = "com.apple.product-type.application";
		};
/* End PBXNativeTarget section */

/* Begin PBXProject section */
		C5068B0C2327E1E8001A8141 /* Project object */ = {
			isa = PBXProject;
			attributes = {
				LastSwiftUpdateCheck = 0940;
				LastUpgradeCheck = 0940;
				ORGANIZATIONNAME = "Madalina Sinca";
				TargetAttributes = {
					C5068B132327E1E9001A8141 = {
						CreatedOnToolsVersion = 9.4.1;
					};
				};
			};
			buildConfigurationList = C5068B0F2327E1E8001A8141 /* Build configuration list for PBXProject "Set+Concentration" */;
			compatibilityVersion = "Xcode 9.3";
			developmentRegion = en;
			hasScannedForEncodings = 0;
			knownRegions = (
				en,
				Base,
			);
			mainGroup = C5068B0B2327E1E8001A8141;
			productRefGroup = C5068B152327E1E9001A8141 /* Products */;
			projectDirPath = "";
			projectRoot = "";
			targets = (
				C5068B132327E1E9001A8141 /* Set+Concentration */,
			);
		};
/* End PBXProject section */

/* Begin PBXResourcesBuildPhase section */
		C5068B122327E1E9001A8141 /* Resources */ = {
			isa = PBXResourcesBuildPhase;
			buildActionMask = 2147483647;
			files = (
				C5068B242327E1EA001A8141 /* LaunchScreen.storyboard in Resources */,
				C5068B212327E1EA001A8141 /* Assets.xcassets in Resources */,
				C5068B1F2327E1E9001A8141 /* Main.storyboard in Resources */,
			);
			runOnlyForDeploymentPostprocessing = 0;
		};
/* End PBXResourcesBuildPhase section */

/* Begin PBXSourcesBuildPhase section */
		C5068B102327E1E9001A8141 /* Sources */ = {
			isa = PBXSourcesBuildPhase;
			buildActionMask = 2147483647;
			files = (
				C5068B4F2327E73F001A8141 /* SetViewController.swift in Sources */,
				C5068B5A232A6EDA001A8141 /* UINavigationBarExtensions.swift in Sources */,
				C5068B4E2327E73F001A8141 /* CardView.swift in Sources */,
				C5068B342327E5E2001A8141 /* Deck.swift in Sources */,
				C5068B58232A4423001A8141 /* IntExtensions.swift in Sources */,
				C5068B472327E701001A8141 /* CardViewBehaviour.swift in Sources */,
				C5068B3E2327E69A001A8141 /* CGRectExtensions.swift in Sources */,
				C5068B392327E64B001A8141 /* UIViewExtensions.swift in Sources */,
				C5068B1C2327E1E9001A8141 /* SecondViewController.swift in Sources */,
				C5068B322327E5CC001A8141 /* Game.swift in Sources */,
				C5068B502327E73F001A8141 /* CardDeckView.swift in Sources */,
				C5068B56232811E2001A8141 /* ConcentrationCard.swift in Sources */,
				C5068B182327E1E9001A8141 /* AppDelegate.swift in Sources */,
				C5068B52232811D9001A8141 /* ConcentrationViewController.swift in Sources */,
				C5068B1A2327E1E9001A8141 /* FirstViewController.swift in Sources */,
				C5068B3F2327E69A001A8141 /* ArrayExtensions.swift in Sources */,
				C5068B412327E69A001A8141 /* CGFloatExtensions.swift in Sources */,
				C5068B302327E5B5001A8141 /* SetCard.swift in Sources */,
				C5068B462327E701001A8141 /* Grid.swift in Sources */,
				C5068B55232811E2001A8141 /* Concentration.swift in Sources */,
			);
			runOnlyForDeploymentPostprocessing = 0;
		};
/* End PBXSourcesBuildPhase section */

/* Begin PBXVariantGroup section */
		C5068B1D2327E1E9001A8141 /* Main.storyboard */ = {
			isa = PBXVariantGroup;
			children = (
				C5068B1E2327E1E9001A8141 /* Base */,
			);
			name = Main.storyboard;
			sourceTree = "<group>";
		};
		C5068B222327E1EA001A8141 /* LaunchScreen.storyboard */ = {
			isa = PBXVariantGroup;
			children = (
				C5068B232327E1EA001A8141 /* Base */,
			);
			name = LaunchScreen.storyboard;
			sourceTree = "<group>";
		};
/* End PBXVariantGroup section */

/* Begin XCBuildConfiguration section */
		C5068B262327E1EA001A8141 /* Debug */ = {
			isa = XCBuildConfiguration;
			buildSettings = {
				ALWAYS_SEARCH_USER_PATHS = NO;
				CLANG_ANALYZER_NONNULL = YES;
				CLANG_ANALYZER_NUMBER_OBJECT_CONVERSION = YES_AGGRESSIVE;
				CLANG_CXX_LANGUAGE_STANDARD = "gnu++14";
				CLANG_CXX_LIBRARY = "libc++";
				CLANG_ENABLE_MODULES = YES;
				CLANG_ENABLE_OBJC_ARC = YES;
				CLANG_ENABLE_OBJC_WEAK = YES;
				CLANG_WARN_BLOCK_CAPTURE_AUTORELEASING = YES;
				CLANG_WARN_BOOL_CONVERSION = YES;
				CLANG_WARN_COMMA = YES;
				CLANG_WARN_CONSTANT_CONVERSION = YES;
				CLANG_WARN_DEPRECATED_OBJC_IMPLEMENTATIONS = YES;
				CLANG_WARN_DIRECT_OBJC_ISA_USAGE = YES_ERROR;
				CLANG_WARN_DOCUMENTATION_COMMENTS = YES;
				CLANG_WARN_EMPTY_BODY = YES;
				CLANG_WARN_ENUM_CONVERSION = YES;
				CLANG_WARN_INFINITE_RECURSION = YES;
				CLANG_WARN_INT_CONVERSION = YES;
				CLANG_WARN_NON_LITERAL_NULL_CONVERSION = YES;
				CLANG_WARN_OBJC_IMPLICIT_RETAIN_SELF = YES;
				CLANG_WARN_OBJC_LITERAL_CONVERSION = YES;
				CLANG_WARN_OBJC_ROOT_CLASS = YES_ERROR;
				CLANG_WARN_RANGE_LOOP_ANALYSIS = YES;
				CLANG_WARN_STRICT_PROTOTYPES = YES;
				CLANG_WARN_SUSPICIOUS_MOVE = YES;
				CLANG_WARN_UNGUARDED_AVAILABILITY = YES_AGGRESSIVE;
				CLANG_WARN_UNREACHABLE_CODE = YES;
				CLANG_WARN__DUPLICATE_METHOD_MATCH = YES;
				CODE_SIGN_IDENTITY = "iPhone Developer";
				COPY_PHASE_STRIP = NO;
				DEBUG_INFORMATION_FORMAT = dwarf;
				ENABLE_STRICT_OBJC_MSGSEND = YES;
				ENABLE_TESTABILITY = YES;
				GCC_C_LANGUAGE_STANDARD = gnu11;
				GCC_DYNAMIC_NO_PIC = NO;
				GCC_NO_COMMON_BLOCKS = YES;
				GCC_OPTIMIZATION_LEVEL = 0;
				GCC_PREPROCESSOR_DEFINITIONS = (
					"DEBUG=1",
					"$(inherited)",
				);
				GCC_WARN_64_TO_32_BIT_CONVERSION = YES;
				GCC_WARN_ABOUT_RETURN_TYPE = YES_ERROR;
				GCC_WARN_UNDECLARED_SELECTOR = YES;
				GCC_WARN_UNINITIALIZED_AUTOS = YES_AGGRESSIVE;
				GCC_WARN_UNUSED_FUNCTION = YES;
				GCC_WARN_UNUSED_VARIABLE = YES;
				IPHONEOS_DEPLOYMENT_TARGET = 11.4;
				MTL_ENABLE_DEBUG_INFO = YES;
				ONLY_ACTIVE_ARCH = YES;
				SDKROOT = iphoneos;
				SWIFT_ACTIVE_COMPILATION_CONDITIONS = DEBUG;
				SWIFT_OPTIMIZATION_LEVEL = "-Onone";
			};
			name = Debug;
		};
		C5068B272327E1EA001A8141 /* Release */ = {
			isa = XCBuildConfiguration;
			buildSettings = {
				ALWAYS_SEARCH_USER_PATHS = NO;
				CLANG_ANALYZER_NONNULL = YES;
				CLANG_ANALYZER_NUMBER_OBJECT_CONVERSION = YES_AGGRESSIVE;
				CLANG_CXX_LANGUAGE_STANDARD = "gnu++14";
				CLANG_CXX_LIBRARY = "libc++";
				CLANG_ENABLE_MODULES = YES;
				CLANG_ENABLE_OBJC_ARC = YES;
				CLANG_ENABLE_OBJC_WEAK = YES;
				CLANG_WARN_BLOCK_CAPTURE_AUTORELEASING = YES;
				CLANG_WARN_BOOL_CONVERSION = YES;
				CLANG_WARN_COMMA = YES;
				CLANG_WARN_CONSTANT_CONVERSION = YES;
				CLANG_WARN_DEPRECATED_OBJC_IMPLEMENTATIONS = YES;
				CLANG_WARN_DIRECT_OBJC_ISA_USAGE = YES_ERROR;
				CLANG_WARN_DOCUMENTATION_COMMENTS = YES;
				CLANG_WARN_EMPTY_BODY = YES;
				CLANG_WARN_ENUM_CONVERSION = YES;
				CLANG_WARN_INFINITE_RECURSION = YES;
				CLANG_WARN_INT_CONVERSION = YES;
				CLANG_WARN_NON_LITERAL_NULL_CONVERSION = YES;
				CLANG_WARN_OBJC_IMPLICIT_RETAIN_SELF = YES;
				CLANG_WARN_OBJC_LITERAL_CONVERSION = YES;
				CLANG_WARN_OBJC_ROOT_CLASS = YES_ERROR;
				CLANG_WARN_RANGE_LOOP_ANALYSIS = YES;
				CLANG_WARN_STRICT_PROTOTYPES = YES;
				CLANG_WARN_SUSPICIOUS_MOVE = YES;
				CLANG_WARN_UNGUARDED_AVAILABILITY = YES_AGGRESSIVE;
				CLANG_WARN_UNREACHABLE_CODE = YES;
				CLANG_WARN__DUPLICATE_METHOD_MATCH = YES;
				CODE_SIGN_IDENTITY = "iPhone Developer";
				COPY_PHASE_STRIP = NO;
				DEBUG_INFORMATION_FORMAT = "dwarf-with-dsym";
				ENABLE_NS_ASSERTIONS = NO;
				ENABLE_STRICT_OBJC_MSGSEND = YES;
				GCC_C_LANGUAGE_STANDARD = gnu11;
				GCC_NO_COMMON_BLOCKS = YES;
				GCC_WARN_64_TO_32_BIT_CONVERSION = YES;
				GCC_WARN_ABOUT_RETURN_TYPE = YES_ERROR;
				GCC_WARN_UNDECLARED_SELECTOR = YES;
				GCC_WARN_UNINITIALIZED_AUTOS = YES_AGGRESSIVE;
				GCC_WARN_UNUSED_FUNCTION = YES;
				GCC_WARN_UNUSED_VARIABLE = YES;
				IPHONEOS_DEPLOYMENT_TARGET = 11.4;
				MTL_ENABLE_DEBUG_INFO = NO;
				SDKROOT = iphoneos;
				SWIFT_COMPILATION_MODE = wholemodule;
				SWIFT_OPTIMIZATION_LEVEL = "-O";
				VALIDATE_PRODUCT = YES;
			};
			name = Release;
		};
		C5068B292327E1EA001A8141 /* Debug */ = {
			isa = XCBuildConfiguration;
			buildSettings = {
				ASSETCATALOG_COMPILER_APPICON_NAME = AppIcon;
				CODE_SIGN_STYLE = Automatic;
				DEVELOPMENT_TEAM = 2BS8C8B5HJ;
				INFOPLIST_FILE = "Set+Concentration/Info.plist";
				LD_RUNPATH_SEARCH_PATHS = (
					"$(inherited)",
					"@executable_path/Frameworks",
				);
				PRODUCT_BUNDLE_IDENTIFIER = "Madalina-Sinca.Set-Concentration";
				PRODUCT_NAME = "$(TARGET_NAME)";
				SWIFT_VERSION = 4.0;
				TARGETED_DEVICE_FAMILY = "1,2";
			};
			name = Debug;
		};
		C5068B2A2327E1EA001A8141 /* Release */ = {
			isa = XCBuildConfiguration;
			buildSettings = {
				ASSETCATALOG_COMPILER_APPICON_NAME = AppIcon;
				CODE_SIGN_STYLE = Automatic;
				DEVELOPMENT_TEAM = 2BS8C8B5HJ;
				INFOPLIST_FILE = "Set+Concentration/Info.plist";
				LD_RUNPATH_SEARCH_PATHS = (
					"$(inherited)",
					"@executable_path/Frameworks",
				);
				PRODUCT_BUNDLE_IDENTIFIER = "Madalina-Sinca.Set-Concentration";
				PRODUCT_NAME = "$(TARGET_NAME)";
				SWIFT_VERSION = 4.0;
				TARGETED_DEVICE_FAMILY = "1,2";
			};
			name = Release;
		};
/* End XCBuildConfiguration section */

/* Begin XCConfigurationList section */
		C5068B0F2327E1E8001A8141 /* Build configuration list for PBXProject "Set+Concentration" */ = {
			isa = XCConfigurationList;
			buildConfigurations = (
				C5068B262327E1EA001A8141 /* Debug */,
				C5068B272327E1EA001A8141 /* Release */,
			);
			defaultConfigurationIsVisible = 0;
			defaultConfigurationName = Release;
		};
		C5068B282327E1EA001A8141 /* Build configuration list for PBXNativeTarget "Set+Concentration" */ = {
			isa = XCConfigurationList;
			buildConfigurations = (
				C5068B292327E1EA001A8141 /* Debug */,
				C5068B2A2327E1EA001A8141 /* Release */,
			);
			defaultConfigurationIsVisible = 0;
			defaultConfigurationName = Release;
		};
/* End XCConfigurationList section */
	};
	rootObject = C5068B0C2327E1E8001A8141 /* Project object */;
}
